
Microsoft Visual Studio Solution File, Format Version 12.00
# Visual Studio 15
VisualStudioVersion = 15.0.28307.1622
MinimumVisualStudioVersion = 10.0.40219.1
Project("{159641D6-6404-4A2A-AE62-294DE0FE8301}") = "Group3FinalProject", "Group3FinalProject\Group3FinalProject.dtproj", "{973FD56B-87A3-4359-8A9D-F1B16891BCAA}"
EndProject
Global
	GlobalSection(SolutionConfigurationPlatforms) = preSolution
		Development|Default = Development|Default
	EndGlobalSection
	GlobalSection(ProjectConfigurationPlatforms) = postSolution
		{973FD56B-87A3-4359-8A9D-F1B16891BCAA}.Development|Default.ActiveCfg = Development
		{973FD56B-87A3-4359-8A9D-F1B16891BCAA}.Development|Default.Build.0 = Development
	EndGlobalSection
	GlobalSection(SolutionProperties) = preSolution
		HideSolutionNode = FALSE
	EndGlobalSection
	GlobalSection(ExtensibilityGlobals) = postSolution
		SolutionGuid = {9D3C48A9-3B14-4CD4-9373-E66EFFF3E345}
	EndGlobalSection
EndGlobal
